
Microsoft Visual Studio Solution File, Format Version 12.00
# Visual Studio Version 17
VisualStudioVersion = 17.14.36327.8
MinimumVisualStudioVersion = 10.0.40219.1
Project("{2150E333-8FDC-42A3-9474-1A3956D46DE8}") = "src", "src", "{02EA681E-C7D8-13C7-8484-4AC65E1B71E8}"
EndProject
Project("{FAE04EC0-301F-11D3-BF4B-00C04F79EFBC}") = "dms.web", "src\dms.web\dms.web.csproj", "{180F29D5-1CB0-81D9-DF69-290AE7B428C4}"
EndProject
Project("{2150E333-8FDC-42A3-9474-1A3956D46DE8}") = "test", "test", "{FF3AF145-62A8-418A-858D-1E09AD96798F}"
EndProject
Project("{2150E333-8FDC-42A3-9474-1A3956D46DE8}") = "service", "service", "{AEFA8F2C-7826-4B31-A5F4-CB76555EBA99}"
EndProject
Project("{2150E333-8FDC-42A3-9474-1A3956D46DE8}") = "unit", "unit", "{8170964D-9985-4F32-865D-1BBE515A7211}"
EndProject
Project("{FAE04EC0-301F-11D3-BF4B-00C04F79EFBC}") = "dms.web.test.service", "test\service\dms.web.test.service\dms.web.test.service.csproj", "{15D201BB-F02A-FE3A-BC22-2DC95874A051}"
EndProject
Project("{FAE04EC0-301F-11D3-BF4B-00C04F79EFBC}") = "dms.web.test.unit", "test\unit\dms.web.test.unit\dms.web.test.unit.csproj", "{95C4A4F2-809A-4B30-BAC4-27426D83BC2C}"
EndProject
Project("{2150E333-8FDC-42A3-9474-1A3956D46DE8}") = "core", "core", "{20AD4097-DB65-4D83-AF29-1F9BB5207DB3}"
EndProject
Project("{2150E333-8FDC-42A3-9474-1A3956D46DE8}") = "application", "application", "{6E089FC3-0C0D-44ED-A1D7-209A6FC21B0E}"
EndProject
Project("{2150E333-8FDC-42A3-9474-1A3956D46DE8}") = "contracts", "contracts", "{52837AD6-00DE-41B9-A6D9-C8400C16432E}"
EndProject
Project("{2150E333-8FDC-42A3-9474-1A3956D46DE8}") = "infrastructure", "infrastructure", "{616E1127-7DCE-4958-BC9E-532CAC3A6DC8}"
EndProject
Project("{FAE04EC0-301F-11D3-BF4B-00C04F79EFBC}") = "dms.domain", "src\dms.domain\dms.domain.csproj", "{05B9C2C1-9CB3-44A3-9C44-670E860F3E6E}"
EndProject
Project("{FAE04EC0-301F-11D3-BF4B-00C04F79EFBC}") = "dms.application", "src\dms.application\dms.application.csproj", "{719A7CF0-4E94-4680-B3C8-6B868B64AA4D}"
EndProject
Project("{FAE04EC0-301F-11D3-BF4B-00C04F79EFBC}") = "dms.contracts", "src\dms.contracts\dms.contracts.csproj", "{D6E7DEBF-91B5-4158-AB60-5F4B52B8999C}"
EndProject
Project("{FAE04EC0-301F-11D3-BF4B-00C04F79EFBC}") = "dms.infrastructure.write", "src\dms.infrastructure.write\dms.infrastructure.write.csproj", "{FD07DC62-129E-4975-BCFB-AA925086EA18}"
EndProject
Project("{FAE04EC0-301F-11D3-BF4B-00C04F79EFBC}") = "dms.infrastructure.read", "src\dms.infrastructure.read\dms.infrastructure.read.csproj", "{488CA1ED-367C-40D5-BF47-5E645CFDE412}"
EndProject
Project("{FAE04EC0-301F-11D3-BF4B-00C04F79EFBC}") = "dms.application.abstractions", "src\dms.application.abstractions\dms.application.abstractions.csproj", "{9EEFE1F2-1FA6-4F1D-BBB1-A58E5D6414FA}"
EndProject
Global
	GlobalSection(SolutionConfigurationPlatforms) = preSolution
		Debug|Any CPU = Debug|Any CPU
		Release|Any CPU = Release|Any CPU
	EndGlobalSection
	GlobalSection(ProjectConfigurationPlatforms) = postSolution
		{180F29D5-1CB0-81D9-DF69-290AE7B428C4}.Debug|Any CPU.ActiveCfg = Debug|Any CPU
		{180F29D5-1CB0-81D9-DF69-290AE7B428C4}.Debug|Any CPU.Build.0 = Debug|Any CPU
		{180F29D5-1CB0-81D9-DF69-290AE7B428C4}.Release|Any CPU.ActiveCfg = Release|Any CPU
		{180F29D5-1CB0-81D9-DF69-290AE7B428C4}.Release|Any CPU.Build.0 = Release|Any CPU
		{15D201BB-F02A-FE3A-BC22-2DC95874A051}.Debug|Any CPU.ActiveCfg = Debug|Any CPU
		{15D201BB-F02A-FE3A-BC22-2DC95874A051}.Debug|Any CPU.Build.0 = Debug|Any CPU
		{15D201BB-F02A-FE3A-BC22-2DC95874A051}.Release|Any CPU.ActiveCfg = Release|Any CPU
		{15D201BB-F02A-FE3A-BC22-2DC95874A051}.Release|Any CPU.Build.0 = Release|Any CPU
		{95C4A4F2-809A-4B30-BAC4-27426D83BC2C}.Debug|Any CPU.ActiveCfg = Debug|Any CPU
		{95C4A4F2-809A-4B30-BAC4-27426D83BC2C}.Debug|Any CPU.Build.0 = Debug|Any CPU
		{95C4A4F2-809A-4B30-BAC4-27426D83BC2C}.Release|Any CPU.ActiveCfg = Release|Any CPU
		{95C4A4F2-809A-4B30-BAC4-27426D83BC2C}.Release|Any CPU.Build.0 = Release|Any CPU
		{05B9C2C1-9CB3-44A3-9C44-670E860F3E6E}.Debug|Any CPU.ActiveCfg = Debug|Any CPU
		{05B9C2C1-9CB3-44A3-9C44-670E860F3E6E}.Debug|Any CPU.Build.0 = Debug|Any CPU
		{05B9C2C1-9CB3-44A3-9C44-670E860F3E6E}.Release|Any CPU.ActiveCfg = Release|Any CPU
		{05B9C2C1-9CB3-44A3-9C44-670E860F3E6E}.Release|Any CPU.Build.0 = Release|Any CPU
		{719A7CF0-4E94-4680-B3C8-6B868B64AA4D}.Debug|Any CPU.ActiveCfg = Debug|Any CPU
		{719A7CF0-4E94-4680-B3C8-6B868B64AA4D}.Debug|Any CPU.Build.0 = Debug|Any CPU
		{719A7CF0-4E94-4680-B3C8-6B868B64AA4D}.Release|Any CPU.ActiveCfg = Release|Any CPU
		{719A7CF0-4E94-4680-B3C8-6B868B64AA4D}.Release|Any CPU.Build.0 = Release|Any CPU
		{D6E7DEBF-91B5-4158-AB60-5F4B52B8999C}.Debug|Any CPU.ActiveCfg = Debug|Any CPU
		{D6E7DEBF-91B5-4158-AB60-5F4B52B8999C}.Debug|Any CPU.Build.0 = Debug|Any CPU
		{D6E7DEBF-91B5-4158-AB60-5F4B52B8999C}.Release|Any CPU.ActiveCfg = Release|Any CPU
		{D6E7DEBF-91B5-4158-AB60-5F4B52B8999C}.Release|Any CPU.Build.0 = Release|Any CPU
		{FD07DC62-129E-4975-BCFB-AA925086EA18}.Debug|Any CPU.ActiveCfg = Debug|Any CPU
		{FD07DC62-129E-4975-BCFB-AA925086EA18}.Debug|Any CPU.Build.0 = Debug|Any CPU
		{FD07DC62-129E-4975-BCFB-AA925086EA18}.Release|Any CPU.ActiveCfg = Release|Any CPU
		{FD07DC62-129E-4975-BCFB-AA925086EA18}.Release|Any CPU.Build.0 = Release|Any CPU
		{488CA1ED-367C-40D5-BF47-5E645CFDE412}.Debug|Any CPU.ActiveCfg = Debug|Any CPU
		{488CA1ED-367C-40D5-BF47-5E645CFDE412}.Debug|Any CPU.Build.0 = Debug|Any CPU
		{488CA1ED-367C-40D5-BF47-5E645CFDE412}.Release|Any CPU.ActiveCfg = Release|Any CPU
		{488CA1ED-367C-40D5-BF47-5E645CFDE412}.Release|Any CPU.Build.0 = Release|Any CPU
		{9EEFE1F2-1FA6-4F1D-BBB1-A58E5D6414FA}.Debug|Any CPU.ActiveCfg = Debug|Any CPU
		{9EEFE1F2-1FA6-4F1D-BBB1-A58E5D6414FA}.Debug|Any CPU.Build.0 = Debug|Any CPU
		{9EEFE1F2-1FA6-4F1D-BBB1-A58E5D6414FA}.Release|Any CPU.ActiveCfg = Release|Any CPU
		{9EEFE1F2-1FA6-4F1D-BBB1-A58E5D6414FA}.Release|Any CPU.Build.0 = Release|Any CPU
	EndGlobalSection
	GlobalSection(SolutionProperties) = preSolution
		HideSolutionNode = FALSE
	EndGlobalSection
	GlobalSection(NestedProjects) = preSolution
		{180F29D5-1CB0-81D9-DF69-290AE7B428C4} = {02EA681E-C7D8-13C7-8484-4AC65E1B71E8}
		{AEFA8F2C-7826-4B31-A5F4-CB76555EBA99} = {FF3AF145-62A8-418A-858D-1E09AD96798F}
		{8170964D-9985-4F32-865D-1BBE515A7211} = {FF3AF145-62A8-418A-858D-1E09AD96798F}
		{15D201BB-F02A-FE3A-BC22-2DC95874A051} = {AEFA8F2C-7826-4B31-A5F4-CB76555EBA99}
		{95C4A4F2-809A-4B30-BAC4-27426D83BC2C} = {8170964D-9985-4F32-865D-1BBE515A7211}
		{20AD4097-DB65-4D83-AF29-1F9BB5207DB3} = {02EA681E-C7D8-13C7-8484-4AC65E1B71E8}
		{6E089FC3-0C0D-44ED-A1D7-209A6FC21B0E} = {02EA681E-C7D8-13C7-8484-4AC65E1B71E8}
		{52837AD6-00DE-41B9-A6D9-C8400C16432E} = {02EA681E-C7D8-13C7-8484-4AC65E1B71E8}
		{616E1127-7DCE-4958-BC9E-532CAC3A6DC8} = {02EA681E-C7D8-13C7-8484-4AC65E1B71E8}
		{05B9C2C1-9CB3-44A3-9C44-670E860F3E6E} = {20AD4097-DB65-4D83-AF29-1F9BB5207DB3}
		{719A7CF0-4E94-4680-B3C8-6B868B64AA4D} = {6E089FC3-0C0D-44ED-A1D7-209A6FC21B0E}
		{D6E7DEBF-91B5-4158-AB60-5F4B52B8999C} = {52837AD6-00DE-41B9-A6D9-C8400C16432E}
		{FD07DC62-129E-4975-BCFB-AA925086EA18} = {616E1127-7DCE-4958-BC9E-532CAC3A6DC8}
		{488CA1ED-367C-40D5-BF47-5E645CFDE412} = {616E1127-7DCE-4958-BC9E-532CAC3A6DC8}
		{9EEFE1F2-1FA6-4F1D-BBB1-A58E5D6414FA} = {6E089FC3-0C0D-44ED-A1D7-209A6FC21B0E}
	EndGlobalSection
	GlobalSection(ExtensibilityGlobals) = postSolution
		SolutionGuid = {20236759-4AD3-4A0D-8B1A-19F32029899F}
	EndGlobalSection
EndGlobal
